<Project xmlns="http://schemas.microsoft.com/developer/msbuild/2003">
    <PropertyGroup>
        <ProjectGuid>{d467349c-d91d-4d9b-bb7a-d9ae02d8d5c0}</ProjectGuid>
        <MainSource>Visualiser.dpr</MainSource>
        <Configuration Condition=" '$(Configuration)' == '' ">Debug</Configuration>
        <DCC_DCCCompiler>DCC32</DCC_DCCCompiler>
        <DCC_DependencyCheckOutputName>..\..\Out\Caller.exe</DCC_DependencyCheckOutputName>
        <FrameworkType>VCL</FrameworkType>
        <ProjectVersion>15.3</ProjectVersion>
        <Base>True</Base>
        <Config Condition="'$(Config)'==''">Debug</Config>
        <Platform Condition="'$(Platform)'==''">Win32</Platform>
        <TargetedPlatforms>17</TargetedPlatforms>
        <AppType>Application</AppType>
    </PropertyGroup>
    <PropertyGroup Condition="'$(Config)'=='Base' or '$(Base)'!=''">
        <Base>true</Base>
    </PropertyGroup>
    <PropertyGroup Condition="('$(Platform)'=='Win32' and '$(Base)'=='true') or '$(Base_Win32)'!=''">
        <Base_Win32>true</Base_Win32>
        <CfgParent>Base</CfgParent>
        <Base>true</Base>
    </PropertyGroup>
    <PropertyGroup Condition="('$(Platform)'=='Win64' and '$(Base)'=='true') or '$(Base_Win64)'!=''">
        <Base_Win64>true</Base_Win64>
        <CfgParent>Base</CfgParent>
        <Base>true</Base>
    </PropertyGroup>
    <PropertyGroup Condition="'$(Config)'=='Release' or '$(Cfg_1)'!=''">
        <Cfg_1>true</Cfg_1>
        <CfgParent>Base</CfgParent>
        <Base>true</Base>
    </PropertyGroup>
    <PropertyGroup Condition="('$(Platform)'=='Win32' and '$(Cfg_1)'=='true') or '$(Cfg_1_Win32)'!=''">
        <Cfg_1_Win32>true</Cfg_1_Win32>
        <CfgParent>Cfg_1</CfgParent>
        <Cfg_1>true</Cfg_1>
        <Base>true</Base>
    </PropertyGroup>
    <PropertyGroup Condition="'$(Config)'=='Debug' or '$(Cfg_2)'!=''">
        <Cfg_2>true</Cfg_2>
        <CfgParent>Base</CfgParent>
        <Base>true</Base>
    </PropertyGroup>
    <PropertyGroup Condition="('$(Platform)'=='Win32' and '$(Cfg_2)'=='true') or '$(Cfg_2_Win32)'!=''">
        <Cfg_2_Win32>true</Cfg_2_Win32>
        <CfgParent>Cfg_2</CfgParent>
        <Cfg_2>true</Cfg_2>
        <Base>true</Base>
    </PropertyGroup>
    <PropertyGroup Condition="'$(Base)'!=''">
        <Icon_MainIcon>$(BDS)\bin\delphi_PROJECTICON.ico</Icon_MainIcon>
        <Manifest_File>$(BDS)\bin\default_app.manifest</Manifest_File>
        <VerInfo_Locale>2057</VerInfo_Locale>
        <VerInfo_IncludeVerInfo>true</VerInfo_IncludeVerInfo>
        <VerInfo_Keys>CompanyName=;FileDescription=;FileVersion=1.0.0.0;InternalName=;LegalCopyright=;LegalTrademarks=;OriginalFilename=;ProductName=;ProductVersion=1.0.0.0;Comments=</VerInfo_Keys>
        <DCC_Namespace>Vcl;Vcl.Imaging;Vcl.Touch;Vcl.Samples;Vcl.Shell;System;Xml;Data;Datasnap;Web;Soap;Winapi;FMXTee.Editor;$(DCC_Namespace)</DCC_Namespace>
    </PropertyGroup>
    <PropertyGroup Condition="'$(Base_Win32)'!=''">
        <DCC_ExeOutput>..\Out32</DCC_ExeOutput>
        <DCC_DcuOutput>..\DCUs32</DCC_DcuOutput>
        <VerInfo_Locale>1033</VerInfo_Locale>
        <DCC_Namespace>System.Win;Data.Win;Datasnap.Win;Web.Win;Soap.Win;Xml.Win;Bde;$(DCC_Namespace)</DCC_Namespace>
    </PropertyGroup>
    <PropertyGroup Condition="'$(Base_Win64)'!=''">
        <Icon_MainIcon>Caller_Icon1.ico</Icon_MainIcon>
        <Manifest_File>$(BDS)\bin\default_app.manifest</Manifest_File>
    </PropertyGroup>
    <PropertyGroup Condition="'$(Cfg_1)'!=''">
        <Manifest_File>$(BDS)\bin\default_app.manifest</Manifest_File>
        <Icon_MainIcon>$(BDS)\bin\delphi_PROJECTICON.ico</Icon_MainIcon>
        <Version>7.0</Version>
        <DCC_WriteableConstants>True</DCC_WriteableConstants>
        <DCC_LocalDebugSymbols>False</DCC_LocalDebugSymbols>
        <DCC_RangeChecking>True</DCC_RangeChecking>
        <DCC_GenerateStackFrames>True</DCC_GenerateStackFrames>
        <DCC_SymbolReferenceInfo>0</DCC_SymbolReferenceInfo>
        <DCC_MapFile>3</DCC_MapFile>
        <DCC_ObjOutput>..\DCUs</DCC_ObjOutput>
        <DCC_HppOutput>..\DCUs</DCC_HppOutput>
        <DCC_Define>DEBUGFULL;RELEASE;EUREKALOG;EUREKALOG_VER6;$(DCC_Define)</DCC_Define>
        <DCC_UNSAFE_TYPE>True</DCC_UNSAFE_TYPE>
        <DCC_UNSAFE_CODE>True</DCC_UNSAFE_CODE>
        <DCC_UNSAFE_CAST>True</DCC_UNSAFE_CAST>
    </PropertyGroup>
    <PropertyGroup Condition="'$(Cfg_1_Win32)'!=''">
        <VerInfo_Locale>1033</VerInfo_Locale>
    </PropertyGroup>
    <PropertyGroup Condition="'$(Cfg_2)'!=''">
        <Manifest_File>$(BDS)\bin\default_app.manifest</Manifest_File>
        <Icon_MainIcon>$(BDS)\bin\delphi_PROJECTICON.ico</Icon_MainIcon>
        <Version>7.0</Version>
        <DCC_WriteableConstants>True</DCC_WriteableConstants>
        <DCC_GenerateStackFrames>True</DCC_GenerateStackFrames>
        <DCC_MapFile>3</DCC_MapFile>
        <DCC_ObjOutput>..\..\DCUs</DCC_ObjOutput>
        <DCC_HppOutput>..\..\DCUs</DCC_HppOutput>
        <DCC_UNSAFE_TYPE>True</DCC_UNSAFE_TYPE>
        <DCC_UNSAFE_CODE>True</DCC_UNSAFE_CODE>
        <DCC_UNSAFE_CAST>True</DCC_UNSAFE_CAST>
        <DCC_RangeChecking>True</DCC_RangeChecking>
        <DCC_Define>DEBUG;DEBUGFULL;EUREKALOG;EUREKALOG_VER6;$(DCC_Define)</DCC_Define>
        <DCC_Optimize>False</DCC_Optimize>
    </PropertyGroup>
    <PropertyGroup Condition="'$(Cfg_2_Win32)'!=''">
        <VerInfo_Locale>1033</VerInfo_Locale>
    </PropertyGroup>
    <ProjectExtensions>
        <Borland.Personality>Delphi.Personality.12</Borland.Personality>
        <Borland.ProjectType>VCLApplication</Borland.ProjectType>
        <BorlandProject>
            <Delphi.Personality>
                <Parameters>
                    <Parameters Name="UseLauncher">False</Parameters>
                    <Parameters Name="LoadAllSymbols">True</Parameters>
                    <Parameters Name="LoadUnspecifiedSymbols">False</Parameters>
                </Parameters>
                <VersionInfo>
                    <VersionInfo Name="IncludeVerInfo">True</VersionInfo>
                    <VersionInfo Name="AutoIncBuild">False</VersionInfo>
                    <VersionInfo Name="MajorVer">1</VersionInfo>
                    <VersionInfo Name="MinorVer">0</VersionInfo>
                    <VersionInfo Name="Release">0</VersionInfo>
                    <VersionInfo Name="Build">0</VersionInfo>
                    <VersionInfo Name="Debug">False</VersionInfo>
                    <VersionInfo Name="PreRelease">False</VersionInfo>
                    <VersionInfo Name="Special">False</VersionInfo>
                    <VersionInfo Name="Private">False</VersionInfo>
                    <VersionInfo Name="DLL">False</VersionInfo>
                    <VersionInfo Name="Locale">2057</VersionInfo>
                    <VersionInfo Name="CodePage">1252</VersionInfo>
                </VersionInfo>
                <VersionInfoKeys>
                    <VersionInfoKeys Name="CompanyName"/>
                    <VersionInfoKeys Name="FileDescription"/>
                    <VersionInfoKeys Name="FileVersion">1.0.0.0</VersionInfoKeys>
                    <VersionInfoKeys Name="InternalName"/>
                    <VersionInfoKeys Name="LegalCopyright"/>
                    <VersionInfoKeys Name="LegalTrademarks"/>
                    <VersionInfoKeys Name="OriginalFilename"/>
                    <VersionInfoKeys Name="ProductName"/>
                    <VersionInfoKeys Name="ProductVersion">1.0.0.0</VersionInfoKeys>
                    <VersionInfoKeys Name="Comments"/>
                </VersionInfoKeys>
                <Source>
                    <Source Name="MainSource">Visualiser.dpr</Source>
                </Source>
                <Excluded_Packages>
                    <Excluded_Packages Name="$(BDSBIN)\dcloffice2k190.bpl">Microsoft Office 2000 Sample Automation Server Wrapper Components</Excluded_Packages>
                    <Excluded_Packages Name="$(BDSBIN)\dclofficexp190.bpl">Microsoft Office XP Sample Automation Server Wrapper Components</Excluded_Packages>
                </Excluded_Packages>
            </Delphi.Personality>
            <Platforms>
                <Platform value="Android" ActiveMobileDevice="rsxe5_android">True</Platform>
                <Platform value="Win32">True</Platform>
                <Platform value="Win64">False</Platform>
            </Platforms>
        </BorlandProject>
        <ProjectFileVersion>12</ProjectFileVersion>
    </ProjectExtensions>
    <Import Project="$(BDS)\Bin\CodeGear.Delphi.Targets"/>
    <ItemGroup>
        <DelphiCompile Include="$(MainSource)">
            <MainSource>MainSource</MainSource>
        </DelphiCompile>
        <DCCReference Include="VisualiserMain.pas">
            <Form>fmLayplan</Form>
        </DCCReference>
        <DCCReference Include="..\..\Common\AccessDenied.pas">
            <Form>fmAccessDenied</Form>
            <FormType>dfm</FormType>
        </DCCReference>
        <DCCReference Include="..\..\Common\CmnVars.pas"/>
        <DCCReference Include="..\..\Common\General.pas"/>
        <DCCReference Include="..\..\Common\LockedDialog.pas">
            <Form>fmLockedDialog</Form>
            <FormType>dfm</FormType>
        </DCCReference>
        <DCCReference Include="..\..\Common\OutOfMemory.pas">
            <Form>fmMemoryError</Form>
            <FormType>dfm</FormType>
        </DCCReference>
        <DCCReference Include="..\System\SummsVars.pas"/>
        <DCCReference Include="..\System\Filt.pas"/>
        <DCCReference Include="..\System\PatternDrawing.pas">
            <Form>dmPatternDrawing</Form>
            <FormType>dfm</FormType>
            <DesignClass>TDataModule</DesignClass>
        </DCCReference>
        <DCCReference Include="..\System\Interlocking\AllPatterns.pas">
            <Form>fmAllPatterns</Form>
            <FormType>dfm</FormType>
        </DCCReference>
        <DCCReference Include="..\System\Interlocking\CompareOldNew.pas">
            <Form>fmCompareOldNew</Form>
            <FormType>dfm</FormType>
        </DCCReference>
        <DCCReference Include="..\System\Interlocking\Concavities.pas"/>
        <DCCReference Include="..\System\Interlocking\ConvexHull.pas"/>
        <DCCReference Include="..\System\Interlocking\Debugger.pas">
            <Form>fmDebugger</Form>
            <FormType>dfm</FormType>
        </DCCReference>
        <DCCReference Include="..\System\Interlocking\Expansion.pas"/>
        <DCCReference Include="..\System\Interlocking\FastGEO.pas"/>
        <DCCReference Include="..\System\Interlocking\General_Interlocking.pas"/>
        <DCCReference Include="..\System\Interlocking\Interlocking.pas"/>
        <DCCReference Include="..\System\Interlocking\Merge.pas"/>
        <DCCReference Include="..\System\Interlocking\PlanIt.pas"/>
        <DCCReference Include="..\System\Interlocking\PolygonOverlaps.pas"/>
        <DCCReference Include="..\System\Interlocking\Results.pas"/>
        <DCCReference Include="..\System\Interlocking\Const_Interlocking.pas"/>
        <DCCReference Include="..\System\Interlocking\Edges.pas"/>
        <BuildConfiguration Include="Debug">
            <Key>Cfg_2</Key>
            <CfgParent>Base</CfgParent>
        </BuildConfiguration>
        <BuildConfiguration Include="Base">
            <Key>Base</Key>
        </BuildConfiguration>
        <BuildConfiguration Include="Release">
            <Key>Cfg_1</Key>
            <CfgParent>Base</CfgParent>
        </BuildConfiguration>
    </ItemGroup>
    <Import Project="$(APPDATA)\Embarcadero\$(BDSAPPDATABASEDIR)\$(PRODUCTVERSION)\UserTools.proj" Condition="Exists('$(APPDATA)\Embarcadero\$(BDSAPPDATABASEDIR)\$(PRODUCTVERSION)\UserTools.proj')"/>
</Project>

<!-- EurekaLog First Line
[Exception Log]
EurekaLog Version=7007
Activate=1
AutoCrashOperation=2
boHandleSafeCallExceptions=1
boUseMainModuleOptions=1
CompatibilityMode=1
csoAllowedRenderMethods=8
csoShowWindowsThreads=1
DeleteMapAfterCompile=1
Email Address=""
Email Object=""
Encrypt Password=""
Errors Number=32
Errors Terminate=3
Freeze Timeout=1
idEurekaLog=1
idEurekaLogDetailed=1
idMSClassic=1
idStepsToReproduce=1
loFreeAllLeaks=1
loHideRTLLeaks=0
loMaxLeaks=1024
loOnlyUnderIDE=0
loProcessesSection=1
mtDialog_ErrorMsgCaption="An error has occurred during program execution.\r\nPlease read the following information for further details."
mtException_LeakMemoryOverrun="Memory Overrun leak."
mtException_LeakMultiFree="Multi Free memory leak."
mtFileCrackedMsg="This file is cracked.\r\nThe application will be closed."
mtMSDialog_DescriptionCaption="We have created an error report that you can send to us. We will treat this report as confidential and anonymous."
mtMSDialog_EmailCaption="Email address (optional):"
mtMSDialog_ErrorMsgCaption="The application has encountered a problem. We are sorry for the inconvenience."
mtMSDialog_RestartCaption="Restart application."
mtMSDialog_SeeDetailsCaption="To see what data the error report contains,"
mtMSDialog_TerminateCaption="Terminate application."
mtReproduceDialog_Caption="Request"
mtSend_BugClosedMsg="These BUG is just closed.\r\nContact the program support to obtain an update."
mtSend_FailureMsg="Sorry, sending the message didn't work."
mtSend_SuccessMsg="The message was sent successfully."
mtSendDialog_Caption="Send."
mtSendDialog_Connected="Connected with server."
mtSendDialog_Connecting="Connecting with server..."
mtSendDialog_Login="Login..."
mtSendDialog_SelectProject="Select project..."
Output Path="C:\\Eureka\\"
ProjectID="{BFAA73D1-F8DC-4422-AD29-4F3A06C0053B}"
SMTP From="eurekalog@email.com"
SMTP Host=""
SMTP UserID=""
sndAddDateInFileName=0
sndBugZillaLogin=""
sndBugZillaPort=0
sndBugZillaURL=""
sndFogBugzHost=""
sndFogBugzLogin=""
sndFogBugzPort=0
sndFTPLogin=""
sndFTPPort=0
sndFTPURL=""
sndHTTPPort=0
sndHTTPURL=""
sndJIRAHost=""
sndJIRALogin=""
sndJIRAPort=0
sndMantisLogin=""
sndMantisPort=0
sndMantisURL=""
sndMAPISubject=""
sndMAPITarget=""
sndScreenshot=3
sndShellRecepient=""
sndShellSubject=""
sndShowSuccessMsg=0
sndSMAPISubject=""
sndSMAPITarget=""
sndSMTPClientFrom="eurekalog@email.com"
sndSMTPClientHost=""
sndSMTPClientLogin=""
sndSMTPClientSubject=""
sndSMTPClientTarget=""
sndSMTPServerFrom="eurekalog@email.com"
sndSMTPServerSubject=""
sndSMTPServerTarget=""
soActCtlsControlClass=1
soActCtlsControlText=1
soActCtlsFormClass=1
soActCtlsFormText=1
soAppCompilationDate=1
soAppName=1
soAppParameters=1
soAppStartDate=1
soAppUpTime=1
soAppVersionNumber=1
soCmpDisplayDPI=1
soCmpDisplayMode=1
soCmpFreeDisk=1
soCmpFreeMemory=1
soCmpName=1
soCmpPrinter=1
soCmpProcessor=1
soCmpSysUpTime=1
soCmpTotalDisk=1
soCmpTotalMemory=1
soCmpVideoCard=1
soCustomData=1
soExcCount=1
soExcDate=1
soExcModuleName=1
soExcModuleVersion=1
soExcNote=1
soExcStatus=1
soNetDHCP=1
soNetDNS1=1
soNetDNS2=1
soNetGateway=1
soNetIP=1
soNetSubmask=1
soOSBuildN=1
soOSCharset=1
soOSLanguage=1
soOSType=1
soOSUpdate=1
soUserCompany=1
soUserID=1
soUserPrivileges=1
TextsCollection=""
TrakerUser=""
WebPort=0
WebURL=""
EurekaLog Last Line -->
